// !$*UTF8*$!
{
	archiveVersion = 1;
	classes = {
	};
	objectVersion = 56;
	objects = {

/* Begin PBXBuildFile section */
		890B5A4E2AD8296600AD115F /* FirebaseAuth in Frameworks */ = {isa = PBXBuildFile; productRef = 890B5A4D2AD8296600AD115F /* FirebaseAuth */; };
		890B5A502AD8297500AD115F /* FirebaseFirestore in Frameworks */ = {isa = PBXBuildFile; productRef = 890B5A4F2AD8297500AD115F /* FirebaseFirestore */; };
		890B5A522AD8298200AD115F /* FirebaseFirestoreSwift in Frameworks */ = {isa = PBXBuildFile; productRef = 890B5A512AD8298200AD115F /* FirebaseFirestoreSwift */; };
		890B5A542AD8299300AD115F /* FirebaseStorage in Frameworks */ = {isa = PBXBuildFile; productRef = 890B5A532AD8299300AD115F /* FirebaseStorage */; };
		893E62302B92222A00494F80 /* UploadProductsViewModel.swift in Sources */ = {isa = PBXBuildFile; fileRef = 893E622F2B92222A00494F80 /* UploadProductsViewModel.swift */; };
		893E62322B9240BB00494F80 /* UploadProductsView.swift in Sources */ = {isa = PBXBuildFile; fileRef = 893E62312B9240BB00494F80 /* UploadProductsView.swift */; };
		893E62342B92AE8900494F80 /* ImagesUploader.swift in Sources */ = {isa = PBXBuildFile; fileRef = 893E62332B92AE8900494F80 /* ImagesUploader.swift */; };
		8947ED952BD8DE1200C43F28 /* cartMain.swift in Sources */ = {isa = PBXBuildFile; fileRef = 8947ED942BD8DE1200C43F28 /* cartMain.swift */; };
		899C37612BC0A24900CE8A39 /* SetUpYourStore.swift in Sources */ = {isa = PBXBuildFile; fileRef = 899C37602BC0A24900CE8A39 /* SetUpYourStore.swift */; };
		89C64D632BD0DF0800E1FEF6 /* Packaging.swift in Sources */ = {isa = PBXBuildFile; fileRef = 89C64D622BD0DF0800E1FEF6 /* Packaging.swift */; };
		89C849432B8FEE560078639C /* BrandTabBar.swift in Sources */ = {isa = PBXBuildFile; fileRef = 89C849422B8FEE560078639C /* BrandTabBar.swift */; };
		89C849482B8FF0B50078639C /* EditBrandView.swift in Sources */ = {isa = PBXBuildFile; fileRef = 89C849472B8FF0B50078639C /* EditBrandView.swift */; };
		89E882672B79738C00E5BB73 /* ContentView.swift in Sources */ = {isa = PBXBuildFile; fileRef = 89E882662B79738C00E5BB73 /* ContentView.swift */; };
		89E882692B79740A00E5BB73 /* Assets.xcassets in Resources */ = {isa = PBXBuildFile; fileRef = 89E882682B79740A00E5BB73 /* Assets.xcassets */; };
		89E882772B79773000E5BB73 /* Product.swift in Sources */ = {isa = PBXBuildFile; fileRef = 89E882762B79773000E5BB73 /* Product.swift */; };
		89E8827B2B79797F00E5BB73 /* Brand.swift in Sources */ = {isa = PBXBuildFile; fileRef = 89E8827A2B79797F00E5BB73 /* Brand.swift */; };
		89E8827D2B797CD600E5BB73 /* AuthService.swift in Sources */ = {isa = PBXBuildFile; fileRef = 89E8827C2B797CD600E5BB73 /* AuthService.swift */; };
		89E8827F2B79902400E5BB73 /* UserService.swift in Sources */ = {isa = PBXBuildFile; fileRef = 89E8827E2B79902400E5BB73 /* UserService.swift */; };
		89E882812B799F0E00E5BB73 /* ProductService.swift in Sources */ = {isa = PBXBuildFile; fileRef = 89E882802B799F0E00E5BB73 /* ProductService.swift */; };
		89E882832B79A24500E5BB73 /* MainTabBar.swift in Sources */ = {isa = PBXBuildFile; fileRef = 89E882822B79A24500E5BB73 /* MainTabBar.swift */; };
		89E882852B7AAA0000E5BB73 /* WelcomeView.swift in Sources */ = {isa = PBXBuildFile; fileRef = 89E882842B7AAA0000E5BB73 /* WelcomeView.swift */; };
		89E882872B7AADB800E5BB73 /* LoginView.swift in Sources */ = {isa = PBXBuildFile; fileRef = 89E882862B7AADB800E5BB73 /* LoginView.swift */; };
		89E8828A2B7AD48A00E5BB73 /* WelcomeViewModel.swift in Sources */ = {isa = PBXBuildFile; fileRef = 89E882892B7AD48A00E5BB73 /* WelcomeViewModel.swift */; };
		89E8828D2B7AECE400E5BB73 /* Google.swift in Sources */ = {isa = PBXBuildFile; fileRef = 89E8828C2B7AECE400E5BB73 /* Google.swift */; };
		89E882942B7AEEA000E5BB73 /* GoogleSignIn in Frameworks */ = {isa = PBXBuildFile; productRef = 89E882932B7AEEA000E5BB73 /* GoogleSignIn */; };
		89E882962B7AEEA000E5BB73 /* GoogleSignInSwift in Frameworks */ = {isa = PBXBuildFile; productRef = 89E882952B7AEEA000E5BB73 /* GoogleSignInSwift */; };
		89E882982B7AFAFE00E5BB73 /* Utilities.swift in Sources */ = {isa = PBXBuildFile; fileRef = 89E882972B7AFAFE00E5BB73 /* Utilities.swift */; };
		89E8829A2B7AFB7F00E5BB73 /* Apple.swift in Sources */ = {isa = PBXBuildFile; fileRef = 89E882992B7AFB7F00E5BB73 /* Apple.swift */; };
		89E8829C2B7AFFBE00E5BB73 /* LoginViewModel.swift in Sources */ = {isa = PBXBuildFile; fileRef = 89E8829B2B7AFFBE00E5BB73 /* LoginViewModel.swift */; };
		89E882A22B7C23FC00E5BB73 /* HomeCell.swift in Sources */ = {isa = PBXBuildFile; fileRef = 89E882A12B7C23FC00E5BB73 /* HomeCell.swift */; };
		89E882A52B7C242500E5BB73 /* Kingfisher in Frameworks */ = {isa = PBXBuildFile; productRef = 89E882A42B7C242500E5BB73 /* Kingfisher */; };
		89E882AA2B7C810400E5BB73 /* HomeView.swift in Sources */ = {isa = PBXBuildFile; fileRef = 89E882A92B7C810400E5BB73 /* HomeView.swift */; };
		89E882AC2B7C811D00E5BB73 /* HomeViewModel.swift in Sources */ = {isa = PBXBuildFile; fileRef = 89E882AB2B7C811D00E5BB73 /* HomeViewModel.swift */; };
		89E882AE2B7DFA9B00E5BB73 /* ImagePickerView.swift in Sources */ = {isa = PBXBuildFile; fileRef = 89E882AD2B7DFA9B00E5BB73 /* ImagePickerView.swift */; };
		89E882B42B7F179C00E5BB73 /* HeaderHome.swift in Sources */ = {isa = PBXBuildFile; fileRef = 89E882B32B7F179C00E5BB73 /* HeaderHome.swift */; };
		89E882B62B7F186800E5BB73 /* BagAndFavsButton.swift in Sources */ = {isa = PBXBuildFile; fileRef = 89E882B52B7F186800E5BB73 /* BagAndFavsButton.swift */; };
		89E882B82B7F18C400E5BB73 /* BagAndFavFilter.swift in Sources */ = {isa = PBXBuildFile; fileRef = 89E882B72B7F18C400E5BB73 /* BagAndFavFilter.swift */; };
		89E882BA2B7F192700E5BB73 /* BagsAndFavsView.swift in Sources */ = {isa = PBXBuildFile; fileRef = 89E882B92B7F192700E5BB73 /* BagsAndFavsView.swift */; };
		89E882BE2B7F19E400E5BB73 /* ColorPicker.swift in Sources */ = {isa = PBXBuildFile; fileRef = 89E882BD2B7F19E400E5BB73 /* ColorPicker.swift */; };
		89E882C02B7F1A3C00E5BB73 /* SizePicker.swift in Sources */ = {isa = PBXBuildFile; fileRef = 89E882BF2B7F1A3C00E5BB73 /* SizePicker.swift */; };
		89E882C22B7F1B2E00E5BB73 /* BagCellView.swift in Sources */ = {isa = PBXBuildFile; fileRef = 89E882C12B7F1B2E00E5BB73 /* BagCellView.swift */; };
		89E882C42B7F210200E5BB73 /* BagView.swift in Sources */ = {isa = PBXBuildFile; fileRef = 89E882C32B7F210200E5BB73 /* BagView.swift */; };
		89E967F42ACC20AC006771DC /* MannKareAppApp.swift in Sources */ = {isa = PBXBuildFile; fileRef = 89E967F32ACC20AC006771DC /* MannKareAppApp.swift */; };
		89E967FB2ACC20AE006771DC /* Preview Assets.xcassets in Resources */ = {isa = PBXBuildFile; fileRef = 89E967FA2ACC20AE006771DC /* Preview Assets.xcassets */; };
		89EA6AFE2B9AF0DA0011CE57 /* GoogleService-Info.plist in Resources */ = {isa = PBXBuildFile; fileRef = 89EA6AFD2B9AF0DA0011CE57 /* GoogleService-Info.plist */; };
		89EA6B022B9B00660011CE57 /* ProfileCellView.swift in Sources */ = {isa = PBXBuildFile; fileRef = 89EA6B012B9B00660011CE57 /* ProfileCellView.swift */; };
		89EA6B042B9D80720011CE57 /* ProfileView.swift in Sources */ = {isa = PBXBuildFile; fileRef = 89EA6B032B9D80720011CE57 /* ProfileView.swift */; };
		89EA6B062B9D81580011CE57 /* ProfileViewModel.swift in Sources */ = {isa = PBXBuildFile; fileRef = 89EA6B052B9D81580011CE57 /* ProfileViewModel.swift */; };
		89EA6B082B9F91B10011CE57 /* DBUser.swift in Sources */ = {isa = PBXBuildFile; fileRef = 89EA6B072B9F91B10011CE57 /* DBUser.swift */; };
		89EA6B0B2BA2D40C0011CE57 /* SetUpBusinessView.swift in Sources */ = {isa = PBXBuildFile; fileRef = 89EA6B0A2BA2D40C0011CE57 /* SetUpBusinessView.swift */; };
		89EA6B0D2BA2D5A60011CE57 /* SetUpBusinessViewModel.swift in Sources */ = {isa = PBXBuildFile; fileRef = 89EA6B0C2BA2D5A60011CE57 /* SetUpBusinessViewModel.swift */; };
		89EA6B0F2BA795220011CE57 /* BrandService.swift in Sources */ = {isa = PBXBuildFile; fileRef = 89EA6B0E2BA795220011CE57 /* BrandService.swift */; };
		89EA6B132BAA801F0011CE57 /* BrandProfile.swift in Sources */ = {isa = PBXBuildFile; fileRef = 89EA6B122BAA801F0011CE57 /* BrandProfile.swift */; };
		89EA6B152BAA84B40011CE57 /* BrandProfileViewModel.swift in Sources */ = {isa = PBXBuildFile; fileRef = 89EA6B142BAA84B40011CE57 /* BrandProfileViewModel.swift */; };
		89EB8F712BCA7371001F694A /* MainBrand.swift in Sources */ = {isa = PBXBuildFile; fileRef = 89EB8F702BCA7371001F694A /* MainBrand.swift */; };
		89EB8F732BCE3CFE001F694A /* HowItWorks.swift in Sources */ = {isa = PBXBuildFile; fileRef = 89EB8F722BCE3CFE001F694A /* HowItWorks.swift */; };
		89EB8F752BCE5162001F694A /* MainViewBusiness.swift in Sources */ = {isa = PBXBuildFile; fileRef = 89EB8F742BCE5162001F694A /* MainViewBusiness.swift */; };
		89EB8F772BCE564A001F694A /* Shipping.swift in Sources */ = {isa = PBXBuildFile; fileRef = 89EB8F762BCE564A001F694A /* Shipping.swift */; };
/* End PBXBuildFile section */

/* Begin PBXFileReference section */
		893E622F2B92222A00494F80 /* UploadProductsViewModel.swift */ = {isa = PBXFileReference; lastKnownFileType = sourcecode.swift; path = UploadProductsViewModel.swift; sourceTree = "<group>"; };
		893E62312B9240BB00494F80 /* UploadProductsView.swift */ = {isa = PBXFileReference; lastKnownFileType = sourcecode.swift; path = UploadProductsView.swift; sourceTree = "<group>"; };
		893E62332B92AE8900494F80 /* ImagesUploader.swift */ = {isa = PBXFileReference; lastKnownFileType = sourcecode.swift; path = ImagesUploader.swift; sourceTree = "<group>"; };
		8947ED942BD8DE1200C43F28 /* cartMain.swift */ = {isa = PBXFileReference; lastKnownFileType = sourcecode.swift; path = cartMain.swift; sourceTree = "<group>"; };
		899C37602BC0A24900CE8A39 /* SetUpYourStore.swift */ = {isa = PBXFileReference; lastKnownFileType = sourcecode.swift; path = SetUpYourStore.swift; sourceTree = "<group>"; };
		89C64D622BD0DF0800E1FEF6 /* Packaging.swift */ = {isa = PBXFileReference; lastKnownFileType = sourcecode.swift; path = Packaging.swift; sourceTree = "<group>"; };
		89C849422B8FEE560078639C /* BrandTabBar.swift */ = {isa = PBXFileReference; lastKnownFileType = sourcecode.swift; path = BrandTabBar.swift; sourceTree = "<group>"; };
		89C849472B8FF0B50078639C /* EditBrandView.swift */ = {isa = PBXFileReference; lastKnownFileType = sourcecode.swift; path = EditBrandView.swift; sourceTree = "<group>"; };
		89E882662B79738C00E5BB73 /* ContentView.swift */ = {isa = PBXFileReference; lastKnownFileType = sourcecode.swift; path = ContentView.swift; sourceTree = "<group>"; };
		89E882682B79740A00E5BB73 /* Assets.xcassets */ = {isa = PBXFileReference; lastKnownFileType = folder.assetcatalog; path = Assets.xcassets; sourceTree = "<group>"; };
		89E882762B79773000E5BB73 /* Product.swift */ = {isa = PBXFileReference; lastKnownFileType = sourcecode.swift; path = Product.swift; sourceTree = "<group>"; };
		89E8827A2B79797F00E5BB73 /* Brand.swift */ = {isa = PBXFileReference; lastKnownFileType = sourcecode.swift; path = Brand.swift; sourceTree = "<group>"; };
		89E8827C2B797CD600E5BB73 /* AuthService.swift */ = {isa = PBXFileReference; lastKnownFileType = sourcecode.swift; path = AuthService.swift; sourceTree = "<group>"; };
		89E8827E2B79902400E5BB73 /* UserService.swift */ = {isa = PBXFileReference; lastKnownFileType = sourcecode.swift; path = UserService.swift; sourceTree = "<group>"; };
		89E882802B799F0E00E5BB73 /* ProductService.swift */ = {isa = PBXFileReference; lastKnownFileType = sourcecode.swift; path = ProductService.swift; sourceTree = "<group>"; };
		89E882822B79A24500E5BB73 /* MainTabBar.swift */ = {isa = PBXFileReference; lastKnownFileType = sourcecode.swift; path = MainTabBar.swift; sourceTree = "<group>"; };
		89E882842B7AAA0000E5BB73 /* WelcomeView.swift */ = {isa = PBXFileReference; lastKnownFileType = sourcecode.swift; path = WelcomeView.swift; sourceTree = "<group>"; };
		89E882862B7AADB800E5BB73 /* LoginView.swift */ = {isa = PBXFileReference; lastKnownFileType = sourcecode.swift; path = LoginView.swift; sourceTree = "<group>"; };
		89E882892B7AD48A00E5BB73 /* WelcomeViewModel.swift */ = {isa = PBXFileReference; lastKnownFileType = sourcecode.swift; path = WelcomeViewModel.swift; sourceTree = "<group>"; };
		89E8828C2B7AECE400E5BB73 /* Google.swift */ = {isa = PBXFileReference; lastKnownFileType = sourcecode.swift; path = Google.swift; sourceTree = "<group>"; };
		89E882902B7AEE0200E5BB73 /* MannKareApp.app */ = {isa = PBXFileReference; explicitFileType = wrapper.application; includeInIndex = 0; path = MannKareApp.app; sourceTree = BUILT_PRODUCTS_DIR; };
		89E882912B7AEE0200E5BB73 /* Info.plist */ = {isa = PBXFileReference; lastKnownFileType = text.plist; path = Info.plist; sourceTree = "<group>"; };
		89E882972B7AFAFE00E5BB73 /* Utilities.swift */ = {isa = PBXFileReference; lastKnownFileType = sourcecode.swift; path = Utilities.swift; sourceTree = "<group>"; };
		89E882992B7AFB7F00E5BB73 /* Apple.swift */ = {isa = PBXFileReference; lastKnownFileType = sourcecode.swift; path = Apple.swift; sourceTree = "<group>"; };
		89E8829B2B7AFFBE00E5BB73 /* LoginViewModel.swift */ = {isa = PBXFileReference; lastKnownFileType = sourcecode.swift; path = LoginViewModel.swift; sourceTree = "<group>"; };
		89E8829D2B7B071900E5BB73 /* MannKareApp.app */ = {isa = PBXFileReference; lastKnownFileType = wrapper.application; name = MannKareApp.app; path = "../../../Library/Developer/Xcode/DerivedData/MannKareApp-gtpdyuwoijidgfaigxcfrdoiehoz/Build/Products/Debug-iphonesimulator/MannKareApp.app"; sourceTree = "<group>"; };
		89E8829E2B7B07D200E5BB73 /* MannKareApp.entitlements */ = {isa = PBXFileReference; lastKnownFileType = text.plist.entitlements; path = MannKareApp.entitlements; sourceTree = "<group>"; };
		89E882A12B7C23FC00E5BB73 /* HomeCell.swift */ = {isa = PBXFileReference; lastKnownFileType = sourcecode.swift; path = HomeCell.swift; sourceTree = "<group>"; };
		89E882A92B7C810400E5BB73 /* HomeView.swift */ = {isa = PBXFileReference; lastKnownFileType = sourcecode.swift; path = HomeView.swift; sourceTree = "<group>"; };
		89E882AB2B7C811D00E5BB73 /* HomeViewModel.swift */ = {isa = PBXFileReference; lastKnownFileType = sourcecode.swift; path = HomeViewModel.swift; sourceTree = "<group>"; };
		89E882AD2B7DFA9B00E5BB73 /* ImagePickerView.swift */ = {isa = PBXFileReference; lastKnownFileType = sourcecode.swift; path = ImagePickerView.swift; sourceTree = "<group>"; };
		89E882B32B7F179C00E5BB73 /* HeaderHome.swift */ = {isa = PBXFileReference; lastKnownFileType = sourcecode.swift; path = HeaderHome.swift; sourceTree = "<group>"; };
		89E882B52B7F186800E5BB73 /* BagAndFavsButton.swift */ = {isa = PBXFileReference; lastKnownFileType = sourcecode.swift; path = BagAndFavsButton.swift; sourceTree = "<group>"; };
		89E882B72B7F18C400E5BB73 /* BagAndFavFilter.swift */ = {isa = PBXFileReference; lastKnownFileType = sourcecode.swift; path = BagAndFavFilter.swift; sourceTree = "<group>"; };
		89E882B92B7F192700E5BB73 /* BagsAndFavsView.swift */ = {isa = PBXFileReference; lastKnownFileType = sourcecode.swift; path = BagsAndFavsView.swift; sourceTree = "<group>"; };
		89E882BD2B7F19E400E5BB73 /* ColorPicker.swift */ = {isa = PBXFileReference; lastKnownFileType = sourcecode.swift; path = ColorPicker.swift; sourceTree = "<group>"; };
		89E882BF2B7F1A3C00E5BB73 /* SizePicker.swift */ = {isa = PBXFileReference; lastKnownFileType = sourcecode.swift; path = SizePicker.swift; sourceTree = "<group>"; };
		89E882C12B7F1B2E00E5BB73 /* BagCellView.swift */ = {isa = PBXFileReference; lastKnownFileType = sourcecode.swift; path = BagCellView.swift; sourceTree = "<group>"; };
		89E882C32B7F210200E5BB73 /* BagView.swift */ = {isa = PBXFileReference; lastKnownFileType = sourcecode.swift; path = BagView.swift; sourceTree = "<group>"; };
		89E967F32ACC20AC006771DC /* MannKareAppApp.swift */ = {isa = PBXFileReference; lastKnownFileType = sourcecode.swift; path = MannKareAppApp.swift; sourceTree = "<group>"; };
		89E967FA2ACC20AE006771DC /* Preview Assets.xcassets */ = {isa = PBXFileReference; lastKnownFileType = folder.assetcatalog; path = "Preview Assets.xcassets"; sourceTree = "<group>"; };
		89EA6AFD2B9AF0DA0011CE57 /* GoogleService-Info.plist */ = {isa = PBXFileReference; fileEncoding = 4; lastKnownFileType = text.plist.xml; path = "GoogleService-Info.plist"; sourceTree = "<group>"; };
		89EA6B012B9B00660011CE57 /* ProfileCellView.swift */ = {isa = PBXFileReference; lastKnownFileType = sourcecode.swift; path = ProfileCellView.swift; sourceTree = "<group>"; };
		89EA6B032B9D80720011CE57 /* ProfileView.swift */ = {isa = PBXFileReference; lastKnownFileType = sourcecode.swift; path = ProfileView.swift; sourceTree = "<group>"; };
		89EA6B052B9D81580011CE57 /* ProfileViewModel.swift */ = {isa = PBXFileReference; lastKnownFileType = sourcecode.swift; path = ProfileViewModel.swift; sourceTree = "<group>"; };
		89EA6B072B9F91B10011CE57 /* DBUser.swift */ = {isa = PBXFileReference; lastKnownFileType = sourcecode.swift; path = DBUser.swift; sourceTree = "<group>"; };
		89EA6B0A2BA2D40C0011CE57 /* SetUpBusinessView.swift */ = {isa = PBXFileReference; lastKnownFileType = sourcecode.swift; path = SetUpBusinessView.swift; sourceTree = "<group>"; };
		89EA6B0C2BA2D5A60011CE57 /* SetUpBusinessViewModel.swift */ = {isa = PBXFileReference; lastKnownFileType = sourcecode.swift; path = SetUpBusinessViewModel.swift; sourceTree = "<group>"; };
		89EA6B0E2BA795220011CE57 /* BrandService.swift */ = {isa = PBXFileReference; lastKnownFileType = sourcecode.swift; path = BrandService.swift; sourceTree = "<group>"; };
		89EA6B122BAA801F0011CE57 /* BrandProfile.swift */ = {isa = PBXFileReference; lastKnownFileType = sourcecode.swift; path = BrandProfile.swift; sourceTree = "<group>"; };
		89EA6B142BAA84B40011CE57 /* BrandProfileViewModel.swift */ = {isa = PBXFileReference; lastKnownFileType = sourcecode.swift; path = BrandProfileViewModel.swift; sourceTree = "<group>"; };
		89EB8F702BCA7371001F694A /* MainBrand.swift */ = {isa = PBXFileReference; lastKnownFileType = sourcecode.swift; path = MainBrand.swift; sourceTree = "<group>"; };
		89EB8F722BCE3CFE001F694A /* HowItWorks.swift */ = {isa = PBXFileReference; lastKnownFileType = sourcecode.swift; path = HowItWorks.swift; sourceTree = "<group>"; };
		89EB8F742BCE5162001F694A /* MainViewBusiness.swift */ = {isa = PBXFileReference; lastKnownFileType = sourcecode.swift; path = MainViewBusiness.swift; sourceTree = "<group>"; };
		89EB8F762BCE564A001F694A /* Shipping.swift */ = {isa = PBXFileReference; lastKnownFileType = sourcecode.swift; path = Shipping.swift; sourceTree = "<group>"; };
/* End PBXFileReference section */

/* Begin PBXFrameworksBuildPhase section */
		89E967ED2ACC20AC006771DC /* Frameworks */ = {
			isa = PBXFrameworksBuildPhase;
			buildActionMask = 2147483647;
			files = (
				89E882942B7AEEA000E5BB73 /* GoogleSignIn in Frameworks */,
				890B5A4E2AD8296600AD115F /* FirebaseAuth in Frameworks */,
				89E882A52B7C242500E5BB73 /* Kingfisher in Frameworks */,
				890B5A542AD8299300AD115F /* FirebaseStorage in Frameworks */,
				89E882962B7AEEA000E5BB73 /* GoogleSignInSwift in Frameworks */,
				890B5A502AD8297500AD115F /* FirebaseFirestore in Frameworks */,
				890B5A522AD8298200AD115F /* FirebaseFirestoreSwift in Frameworks */,
			);
			runOnlyForDeploymentPostprocessing = 0;
		};
/* End PBXFrameworksBuildPhase section */

/* Begin PBXGroup section */
		893E622D2B9221E500494F80 /* Views */ = {
			isa = PBXGroup;
			children = (
				893E62312B9240BB00494F80 /* UploadProductsView.swift */,
			);
			path = Views;
			sourceTree = "<group>";
		};
		893E622E2B9221F900494F80 /* ViewModel */ = {
			isa = PBXGroup;
			children = (
				893E622F2B92222A00494F80 /* UploadProductsViewModel.swift */,
			);
			path = ViewModel;
			sourceTree = "<group>";
		};
		89C64D642BD1579D00E1FEF6 /* MainScreen */ = {
			isa = PBXGroup;
			children = (
				89EB8F742BCE5162001F694A /* MainViewBusiness.swift */,
				899C37602BC0A24900CE8A39 /* SetUpYourStore.swift */,
				89EB8F722BCE3CFE001F694A /* HowItWorks.swift */,
				89EB8F762BCE564A001F694A /* Shipping.swift */,
				89C64D622BD0DF0800E1FEF6 /* Packaging.swift */,
			);
			path = MainScreen;
			sourceTree = "<group>";
		};
		89C849412B8FEE220078639C /* MyBrand */ = {
			isa = PBXGroup;
			children = (
				89EB8F702BCA7371001F694A /* MainBrand.swift */,
				89C849472B8FF0B50078639C /* EditBrandView.swift */,
				89C849422B8FEE560078639C /* BrandTabBar.swift */,
				89C849462B8FEEA90078639C /* UploadProducts */,
			);
			path = MyBrand;
			sourceTree = "<group>";
		};
		89C849462B8FEEA90078639C /* UploadProducts */ = {
			isa = PBXGroup;
			children = (
				893E622E2B9221F900494F80 /* ViewModel */,
				893E622D2B9221E500494F80 /* Views */,
			);
			path = UploadProducts;
			sourceTree = "<group>";
		};
		89E882642B7972C200E5BB73 /* App */ = {
			isa = PBXGroup;
			children = (
				89E967F32ACC20AC006771DC /* MannKareAppApp.swift */,
			);
			path = App;
			sourceTree = "<group>";
		};
		89E882652B7972E000E5BB73 /* Root */ = {
			isa = PBXGroup;
			children = (
				89E882662B79738C00E5BB73 /* ContentView.swift */,
			);
			path = Root;
			sourceTree = "<group>";
		};
		89E8826C2B7974E200E5BB73 /* Core */ = {
			isa = PBXGroup;
			children = (
				89E882752B7975DD00E5BB73 /* Home */,
				89E882742B7975D300E5BB73 /* Search */,
				89E882732B7975CA00E5BB73 /* Explore */,
				89E882722B7975BF00E5BB73 /* Business */,
				89E882712B7975B100E5BB73 /* Profile */,
			);
			path = Core;
			sourceTree = "<group>";
		};
		89E8826D2B7974FC00E5BB73 /* Authentication */ = {
			isa = PBXGroup;
			children = (
				89E882882B7AD44E00E5BB73 /* Welcome */,
				89E882862B7AADB800E5BB73 /* LoginView.swift */,
				89E8829B2B7AFFBE00E5BB73 /* LoginViewModel.swift */,
			);
			path = Authentication;
			sourceTree = "<group>";
		};
		89E8826E2B79751900E5BB73 /* TabBar */ = {
			isa = PBXGroup;
			children = (
				89E882822B79A24500E5BB73 /* MainTabBar.swift */,
			);
			path = TabBar;
			sourceTree = "<group>";
		};
		89E8826F2B79752700E5BB73 /* Models */ = {
			isa = PBXGroup;
			children = (
				89EA6B072B9F91B10011CE57 /* DBUser.swift */,
				89E8827A2B79797F00E5BB73 /* Brand.swift */,
				89E882762B79773000E5BB73 /* Product.swift */,
			);
			path = Models;
			sourceTree = "<group>";
		};
		89E882702B79755500E5BB73 /* Service */ = {
			isa = PBXGroup;
			children = (
				89E8827C2B797CD600E5BB73 /* AuthService.swift */,
				89E8827E2B79902400E5BB73 /* UserService.swift */,
				89E882802B799F0E00E5BB73 /* ProductService.swift */,
				89E882AD2B7DFA9B00E5BB73 /* ImagePickerView.swift */,
				893E62332B92AE8900494F80 /* ImagesUploader.swift */,
				89EA6B0E2BA795220011CE57 /* BrandService.swift */,
			);
			path = Service;
			sourceTree = "<group>";
		};
		89E882712B7975B100E5BB73 /* Profile */ = {
			isa = PBXGroup;
			children = (
				89EA6AFF2B9B003A0011CE57 /* Views */,
				89EA6B002B9B00420011CE57 /* ViewModel */,
				8947ED942BD8DE1200C43F28 /* cartMain.swift */,
			);
			path = Profile;
			sourceTree = "<group>";
		};
		89E882722B7975BF00E5BB73 /* Business */ = {
			isa = PBXGroup;
			children = (
				89C64D642BD1579D00E1FEF6 /* MainScreen */,
				89EA6B092BA2D1CF0011CE57 /* SetUpBusiness */,
				89C849412B8FEE220078639C /* MyBrand */,
			);
			path = Business;
			sourceTree = "<group>";
		};
		89E882732B7975CA00E5BB73 /* Explore */ = {
			isa = PBXGroup;
			children = (
			);
			path = Explore;
			sourceTree = "<group>";
		};
		89E882742B7975D300E5BB73 /* Search */ = {
			isa = PBXGroup;
			children = (
			);
			path = Search;
			sourceTree = "<group>";
		};
		89E882752B7975DD00E5BB73 /* Home */ = {
			isa = PBXGroup;
			children = (
				89E882B22B7F11F700E5BB73 /* ViewModel */,
				89E882B12B7F11EF00E5BB73 /* Views */,
				89E882B02B7F11C100E5BB73 /* FavsAndBag */,
				89E882AF2B7F11B300E5BB73 /* Header */,
			);
			path = Home;
			sourceTree = "<group>";
		};
		89E882882B7AD44E00E5BB73 /* Welcome */ = {
			isa = PBXGroup;
			children = (
				89E882842B7AAA0000E5BB73 /* WelcomeView.swift */,
				89E882892B7AD48A00E5BB73 /* WelcomeViewModel.swift */,
			);
			path = Welcome;
			sourceTree = "<group>";
		};
		89E8828B2B7AECC700E5BB73 /* Helper */ = {
			isa = PBXGroup;
			children = (
				89E8828C2B7AECE400E5BB73 /* Google.swift */,
				89E882972B7AFAFE00E5BB73 /* Utilities.swift */,
				89E882992B7AFB7F00E5BB73 /* Apple.swift */,
			);
			path = Helper;
			sourceTree = "<group>";
		};
		89E882AF2B7F11B300E5BB73 /* Header */ = {
			isa = PBXGroup;
			children = (
				89E882B32B7F179C00E5BB73 /* HeaderHome.swift */,
			);
			path = Header;
			sourceTree = "<group>";
		};
		89E882B02B7F11C100E5BB73 /* FavsAndBag */ = {
			isa = PBXGroup;
			children = (
				89E882B52B7F186800E5BB73 /* BagAndFavsButton.swift */,
				89E882B72B7F18C400E5BB73 /* BagAndFavFilter.swift */,
				89E882B92B7F192700E5BB73 /* BagsAndFavsView.swift */,
				89E882BB2B7F197400E5BB73 /* Bag */,
			);
			path = FavsAndBag;
			sourceTree = "<group>";
		};
		89E882B12B7F11EF00E5BB73 /* Views */ = {
			isa = PBXGroup;
			children = (
				89E882A12B7C23FC00E5BB73 /* HomeCell.swift */,
				89E882A92B7C810400E5BB73 /* HomeView.swift */,
			);
			path = Views;
			sourceTree = "<group>";
		};
		89E882B22B7F11F700E5BB73 /* ViewModel */ = {
			isa = PBXGroup;
			children = (
				89E882AB2B7C811D00E5BB73 /* HomeViewModel.swift */,
			);
			path = ViewModel;
			sourceTree = "<group>";
		};
		89E882BB2B7F197400E5BB73 /* Bag */ = {
			isa = PBXGroup;
			children = (
				89E882BC2B7F19AA00E5BB73 /* Components */,
				89E882C12B7F1B2E00E5BB73 /* BagCellView.swift */,
			);
			path = Bag;
			sourceTree = "<group>";
		};
		89E882BC2B7F19AA00E5BB73 /* Components */ = {
			isa = PBXGroup;
			children = (
				89E882BD2B7F19E400E5BB73 /* ColorPicker.swift */,
				89E882BF2B7F1A3C00E5BB73 /* SizePicker.swift */,
				89E882C32B7F210200E5BB73 /* BagView.swift */,
			);
			path = Components;
			sourceTree = "<group>";
		};
		89E967E72ACC20AC006771DC = {
			isa = PBXGroup;
			children = (
				89E967F22ACC20AC006771DC /* MannKareApp */,
				89EA6AFD2B9AF0DA0011CE57 /* GoogleService-Info.plist */,
				89E882902B7AEE0200E5BB73 /* MannKareApp.app */,
			);
			sourceTree = "<group>";
		};
		89E967F22ACC20AC006771DC /* MannKareApp */ = {
			isa = PBXGroup;
			children = (
				89E8829E2B7B07D200E5BB73 /* MannKareApp.entitlements */,
				89E8829D2B7B071900E5BB73 /* MannKareApp.app */,
				89E882912B7AEE0200E5BB73 /* Info.plist */,
				89E882642B7972C200E5BB73 /* App */,
				89E8826C2B7974E200E5BB73 /* Core */,
				89E8826D2B7974FC00E5BB73 /* Authentication */,
				89E882652B7972E000E5BB73 /* Root */,
				89E8826E2B79751900E5BB73 /* TabBar */,
				89E8826F2B79752700E5BB73 /* Models */,
				89E882702B79755500E5BB73 /* Service */,
				89E8828B2B7AECC700E5BB73 /* Helper */,
				89E882682B79740A00E5BB73 /* Assets.xcassets */,
				89E967F92ACC20AE006771DC /* Preview Content */,
			);
			path = MannKareApp;
			sourceTree = "<group>";
		};
		89E967F92ACC20AE006771DC /* Preview Content */ = {
			isa = PBXGroup;
			children = (
				89E967FA2ACC20AE006771DC /* Preview Assets.xcassets */,
			);
			path = "Preview Content";
			sourceTree = "<group>";
		};
		89EA6AFF2B9B003A0011CE57 /* Views */ = {
			isa = PBXGroup;
			children = (
				89EA6B012B9B00660011CE57 /* ProfileCellView.swift */,
				89EA6B032B9D80720011CE57 /* ProfileView.swift */,
			);
			path = Views;
			sourceTree = "<group>";
		};
		89EA6B002B9B00420011CE57 /* ViewModel */ = {
			isa = PBXGroup;
			children = (
				89EA6B052B9D81580011CE57 /* ProfileViewModel.swift */,
			);
			path = ViewModel;
			sourceTree = "<group>";
		};
		89EA6B092BA2D1CF0011CE57 /* SetUpBusiness */ = {
			isa = PBXGroup;
			children = (
				89EA6B102BAA7E3F0011CE57 /* views */,
				89EA6B112BAA7E470011CE57 /* viewModels */,
			);
			path = SetUpBusiness;
			sourceTree = "<group>";
		};
		89EA6B102BAA7E3F0011CE57 /* views */ = {
			isa = PBXGroup;
			children = (
				89EA6B0A2BA2D40C0011CE57 /* SetUpBusinessView.swift */,
				89EA6B122BAA801F0011CE57 /* BrandProfile.swift */,
			);
			path = views;
			sourceTree = "<group>";
		};
		89EA6B112BAA7E470011CE57 /* viewModels */ = {
			isa = PBXGroup;
			children = (
				89EA6B0C2BA2D5A60011CE57 /* SetUpBusinessViewModel.swift */,
				89EA6B142BAA84B40011CE57 /* BrandProfileViewModel.swift */,
			);
			path = viewModels;
			sourceTree = "<group>";
		};
/* End PBXGroup section */

/* Begin PBXNativeTarget section */
		89E967EF2ACC20AC006771DC /* MannKareApp */ = {
			isa = PBXNativeTarget;
			buildConfigurationList = 89E967FE2ACC20AE006771DC /* Build configuration list for PBXNativeTarget "MannKareApp" */;
			buildPhases = (
				89E967EC2ACC20AC006771DC /* Sources */,
				89E967ED2ACC20AC006771DC /* Frameworks */,
				89E967EE2ACC20AC006771DC /* Resources */,
			);
			buildRules = (
			);
			dependencies = (
			);
			name = MannKareApp;
			packageProductDependencies = (
				890B5A4D2AD8296600AD115F /* FirebaseAuth */,
				890B5A4F2AD8297500AD115F /* FirebaseFirestore */,
				890B5A512AD8298200AD115F /* FirebaseFirestoreSwift */,
				890B5A532AD8299300AD115F /* FirebaseStorage */,
				89E882932B7AEEA000E5BB73 /* GoogleSignIn */,
				89E882952B7AEEA000E5BB73 /* GoogleSignInSwift */,
				89E882A42B7C242500E5BB73 /* Kingfisher */,
			);
			productName = MannKareApp;
			productReference = 89E882902B7AEE0200E5BB73 /* MannKareApp.app */;
			productType = "com.apple.product-type.application";
		};
/* End PBXNativeTarget section */

/* Begin PBXProject section */
		89E967E82ACC20AC006771DC /* Project object */ = {
			isa = PBXProject;
			attributes = {
				BuildIndependentTargetsInParallel = 1;
				LastSwiftUpdateCheck = 1500;
				LastUpgradeCheck = 1500;
				TargetAttributes = {
					89E967EF2ACC20AC006771DC = {
						CreatedOnToolsVersion = 15.0;
					};
				};
			};
			buildConfigurationList = 89E967EB2ACC20AC006771DC /* Build configuration list for PBXProject "MannKareApp" */;
			compatibilityVersion = "Xcode 14.0";
			developmentRegion = en;
			hasScannedForEncodings = 0;
			knownRegions = (
				en,
				Base,
			);
			mainGroup = 89E967E72ACC20AC006771DC;
			packageReferences = (
				890B59DC2AD826B000AD115F /* XCRemoteSwiftPackageReference "firebase-ios-sdk" */,
				89E882922B7AEEA000E5BB73 /* XCRemoteSwiftPackageReference "GoogleSignIn-iOS" */,
				89E882A32B7C242500E5BB73 /* XCRemoteSwiftPackageReference "Kingfisher" */,
			);
			productRefGroup = 89E967E72ACC20AC006771DC;
			projectDirPath = "";
			projectRoot = "";
			targets = (
				89E967EF2ACC20AC006771DC /* MannKareApp */,
			);
		};
/* End PBXProject section */

/* Begin PBXResourcesBuildPhase section */
		89E967EE2ACC20AC006771DC /* Resources */ = {
			isa = PBXResourcesBuildPhase;
			buildActionMask = 2147483647;
			files = (
				89E967FB2ACC20AE006771DC /* Preview Assets.xcassets in Resources */,
				89E882692B79740A00E5BB73 /* Assets.xcassets in Resources */,
				89EA6AFE2B9AF0DA0011CE57 /* GoogleService-Info.plist in Resources */,
			);
			runOnlyForDeploymentPostprocessing = 0;
		};
/* End PBXResourcesBuildPhase section */

/* Begin PBXSourcesBuildPhase section */
		89E967EC2ACC20AC006771DC /* Sources */ = {
			isa = PBXSourcesBuildPhase;
			buildActionMask = 2147483647;
			files = (
				89E882832B79A24500E5BB73 /* MainTabBar.swift in Sources */,
				89E882C22B7F1B2E00E5BB73 /* BagCellView.swift in Sources */,
				89E882BE2B7F19E400E5BB73 /* ColorPicker.swift in Sources */,
				89E8828A2B7AD48A00E5BB73 /* WelcomeViewModel.swift in Sources */,
				89E882B62B7F186800E5BB73 /* BagAndFavsButton.swift in Sources */,
				89EA6B132BAA801F0011CE57 /* BrandProfile.swift in Sources */,
				89E882982B7AFAFE00E5BB73 /* Utilities.swift in Sources */,
				89C849432B8FEE560078639C /* BrandTabBar.swift in Sources */,
				893E62322B9240BB00494F80 /* UploadProductsView.swift in Sources */,
				89EA6B0B2BA2D40C0011CE57 /* SetUpBusinessView.swift in Sources */,
				89E882AC2B7C811D00E5BB73 /* HomeViewModel.swift in Sources */,
				89E882BA2B7F192700E5BB73 /* BagsAndFavsView.swift in Sources */,
				89E8827F2B79902400E5BB73 /* UserService.swift in Sources */,
				89EA6B042B9D80720011CE57 /* ProfileView.swift in Sources */,
				89EB8F752BCE5162001F694A /* MainViewBusiness.swift in Sources */,
				89C849482B8FF0B50078639C /* EditBrandView.swift in Sources */,
				893E62302B92222A00494F80 /* UploadProductsViewModel.swift in Sources */,
				899C37612BC0A24900CE8A39 /* SetUpYourStore.swift in Sources */,
				89E8829C2B7AFFBE00E5BB73 /* LoginViewModel.swift in Sources */,
				89EB8F772BCE564A001F694A /* Shipping.swift in Sources */,
				89E882812B799F0E00E5BB73 /* ProductService.swift in Sources */,
				89EA6B022B9B00660011CE57 /* ProfileCellView.swift in Sources */,
				89E882B42B7F179C00E5BB73 /* HeaderHome.swift in Sources */,
				893E62342B92AE8900494F80 /* ImagesUploader.swift in Sources */,
				89E882672B79738C00E5BB73 /* ContentView.swift in Sources */,
				89E882C02B7F1A3C00E5BB73 /* SizePicker.swift in Sources */,
				89E882C42B7F210200E5BB73 /* BagView.swift in Sources */,
				89E882852B7AAA0000E5BB73 /* WelcomeView.swift in Sources */,
				8947ED952BD8DE1200C43F28 /* cartMain.swift in Sources */,
				89EB8F712BCA7371001F694A /* MainBrand.swift in Sources */,
				89EA6B082B9F91B10011CE57 /* DBUser.swift in Sources */,
				89EB8F732BCE3CFE001F694A /* HowItWorks.swift in Sources */,
				89EA6B152BAA84B40011CE57 /* BrandProfileViewModel.swift in Sources */,
				89E967F42ACC20AC006771DC /* MannKareAppApp.swift in Sources */,
				89E8829A2B7AFB7F00E5BB73 /* Apple.swift in Sources */,
				89E8827D2B797CD600E5BB73 /* AuthService.swift in Sources */,
				89E882B82B7F18C400E5BB73 /* BagAndFavFilter.swift in Sources */,
				89C64D632BD0DF0800E1FEF6 /* Packaging.swift in Sources */,
				89EA6B0F2BA795220011CE57 /* BrandService.swift in Sources */,
				89E8828D2B7AECE400E5BB73 /* Google.swift in Sources */,
				89EA6B0D2BA2D5A60011CE57 /* SetUpBusinessViewModel.swift in Sources */,
				89E882872B7AADB800E5BB73 /* LoginView.swift in Sources */,
				89EA6B062B9D81580011CE57 /* ProfileViewModel.swift in Sources */,
				89E8827B2B79797F00E5BB73 /* Brand.swift in Sources */,
				89E882A22B7C23FC00E5BB73 /* HomeCell.swift in Sources */,
				89E882772B79773000E5BB73 /* Product.swift in Sources */,
				89E882AA2B7C810400E5BB73 /* HomeView.swift in Sources */,
				89E882AE2B7DFA9B00E5BB73 /* ImagePickerView.swift in Sources */,
			);
			runOnlyForDeploymentPostprocessing = 0;
		};
/* End PBXSourcesBuildPhase section */

/* Begin XCBuildConfiguration section */
		89E967FC2ACC20AE006771DC /* Debug */ = {
			isa = XCBuildConfiguration;
			buildSettings = {
				ALWAYS_SEARCH_USER_PATHS = NO;
				ASSETCATALOG_COMPILER_GENERATE_SWIFT_ASSET_SYMBOL_EXTENSIONS = YES;
				CLANG_ANALYZER_NONNULL = YES;
				CLANG_ANALYZER_NUMBER_OBJECT_CONVERSION = YES_AGGRESSIVE;
				CLANG_CXX_LANGUAGE_STANDARD = "gnu++20";
				CLANG_ENABLE_MODULES = YES;
				CLANG_ENABLE_OBJC_ARC = YES;
				CLANG_ENABLE_OBJC_WEAK = YES;
				CLANG_WARN_BLOCK_CAPTURE_AUTORELEASING = YES;
				CLANG_WARN_BOOL_CONVERSION = YES;
				CLANG_WARN_COMMA = YES;
				CLANG_WARN_CONSTANT_CONVERSION = YES;
				CLANG_WARN_DEPRECATED_OBJC_IMPLEMENTATIONS = YES;
				CLANG_WARN_DIRECT_OBJC_ISA_USAGE = YES_ERROR;
				CLANG_WARN_DOCUMENTATION_COMMENTS = YES;
				CLANG_WARN_EMPTY_BODY = YES;
				CLANG_WARN_ENUM_CONVERSION = YES;
				CLANG_WARN_INFINITE_RECURSION = YES;
				CLANG_WARN_INT_CONVERSION = YES;
				CLANG_WARN_NON_LITERAL_NULL_CONVERSION = YES;
				CLANG_WARN_OBJC_IMPLICIT_RETAIN_SELF = YES;
				CLANG_WARN_OBJC_LITERAL_CONVERSION = YES;
				CLANG_WARN_OBJC_ROOT_CLASS = YES_ERROR;
				CLANG_WARN_QUOTED_INCLUDE_IN_FRAMEWORK_HEADER = YES;
				CLANG_WARN_RANGE_LOOP_ANALYSIS = YES;
				CLANG_WARN_STRICT_PROTOTYPES = YES;
				CLANG_WARN_SUSPICIOUS_MOVE = YES;
				CLANG_WARN_UNGUARDED_AVAILABILITY = YES_AGGRESSIVE;
				CLANG_WARN_UNREACHABLE_CODE = YES;
				CLANG_WARN__DUPLICATE_METHOD_MATCH = YES;
				COPY_PHASE_STRIP = NO;
				DEBUG_INFORMATION_FORMAT = dwarf;
				ENABLE_STRICT_OBJC_MSGSEND = YES;
				ENABLE_TESTABILITY = YES;
				ENABLE_USER_SCRIPT_SANDBOXING = YES;
				GCC_C_LANGUAGE_STANDARD = gnu17;
				GCC_DYNAMIC_NO_PIC = NO;
				GCC_NO_COMMON_BLOCKS = YES;
				GCC_OPTIMIZATION_LEVEL = 0;
				GCC_PREPROCESSOR_DEFINITIONS = (
					"DEBUG=1",
					"$(inherited)",
				);
				GCC_WARN_64_TO_32_BIT_CONVERSION = YES;
				GCC_WARN_ABOUT_RETURN_TYPE = YES_ERROR;
				GCC_WARN_UNDECLARED_SELECTOR = YES;
				GCC_WARN_UNINITIALIZED_AUTOS = YES_AGGRESSIVE;
				GCC_WARN_UNUSED_FUNCTION = YES;
				GCC_WARN_UNUSED_VARIABLE = YES;
				IPHONEOS_DEPLOYMENT_TARGET = 17.0;
				LOCALIZATION_PREFERS_STRING_CATALOGS = YES;
				MTL_ENABLE_DEBUG_INFO = INCLUDE_SOURCE;
				MTL_FAST_MATH = YES;
				ONLY_ACTIVE_ARCH = YES;
				SDKROOT = iphoneos;
				SWIFT_ACTIVE_COMPILATION_CONDITIONS = "DEBUG $(inherited)";
				SWIFT_OPTIMIZATION_LEVEL = "-Onone";
			};
			name = Debug;
		};
		89E967FD2ACC20AE006771DC /* Release */ = {
			isa = XCBuildConfiguration;
			buildSettings = {
				ALWAYS_SEARCH_USER_PATHS = NO;
				ASSETCATALOG_COMPILER_GENERATE_SWIFT_ASSET_SYMBOL_EXTENSIONS = YES;
				CLANG_ANALYZER_NONNULL = YES;
				CLANG_ANALYZER_NUMBER_OBJECT_CONVERSION = YES_AGGRESSIVE;
				CLANG_CXX_LANGUAGE_STANDARD = "gnu++20";
				CLANG_ENABLE_MODULES = YES;
				CLANG_ENABLE_OBJC_ARC = YES;
				CLANG_ENABLE_OBJC_WEAK = YES;
				CLANG_WARN_BLOCK_CAPTURE_AUTORELEASING = YES;
				CLANG_WARN_BOOL_CONVERSION = YES;
				CLANG_WARN_COMMA = YES;
				CLANG_WARN_CONSTANT_CONVERSION = YES;
				CLANG_WARN_DEPRECATED_OBJC_IMPLEMENTATIONS = YES;
				CLANG_WARN_DIRECT_OBJC_ISA_USAGE = YES_ERROR;
				CLANG_WARN_DOCUMENTATION_COMMENTS = YES;
				CLANG_WARN_EMPTY_BODY = YES;
				CLANG_WARN_ENUM_CONVERSION = YES;
				CLANG_WARN_INFINITE_RECURSION = YES;
				CLANG_WARN_INT_CONVERSION = YES;
				CLANG_WARN_NON_LITERAL_NULL_CONVERSION = YES;
				CLANG_WARN_OBJC_IMPLICIT_RETAIN_SELF = YES;
				CLANG_WARN_OBJC_LITERAL_CONVERSION = YES;
				CLANG_WARN_OBJC_ROOT_CLASS = YES_ERROR;
				CLANG_WARN_QUOTED_INCLUDE_IN_FRAMEWORK_HEADER = YES;
				CLANG_WARN_RANGE_LOOP_ANALYSIS = YES;
				CLANG_WARN_STRICT_PROTOTYPES = YES;
				CLANG_WARN_SUSPICIOUS_MOVE = YES;
				CLANG_WARN_UNGUARDED_AVAILABILITY = YES_AGGRESSIVE;
				CLANG_WARN_UNREACHABLE_CODE = YES;
				CLANG_WARN__DUPLICATE_METHOD_MATCH = YES;
				COPY_PHASE_STRIP = NO;
				DEBUG_INFORMATION_FORMAT = "dwarf-with-dsym";
				ENABLE_NS_ASSERTIONS = NO;
				ENABLE_STRICT_OBJC_MSGSEND = YES;
				ENABLE_USER_SCRIPT_SANDBOXING = YES;
				GCC_C_LANGUAGE_STANDARD = gnu17;
				GCC_NO_COMMON_BLOCKS = YES;
				GCC_WARN_64_TO_32_BIT_CONVERSION = YES;
				GCC_WARN_ABOUT_RETURN_TYPE = YES_ERROR;
				GCC_WARN_UNDECLARED_SELECTOR = YES;
				GCC_WARN_UNINITIALIZED_AUTOS = YES_AGGRESSIVE;
				GCC_WARN_UNUSED_FUNCTION = YES;
				GCC_WARN_UNUSED_VARIABLE = YES;
				IPHONEOS_DEPLOYMENT_TARGET = 17.0;
				LOCALIZATION_PREFERS_STRING_CATALOGS = YES;
				MTL_ENABLE_DEBUG_INFO = NO;
				MTL_FAST_MATH = YES;
				SDKROOT = iphoneos;
				SWIFT_COMPILATION_MODE = wholemodule;
				VALIDATE_PRODUCT = YES;
			};
			name = Release;
		};
		89E967FF2ACC20AE006771DC /* Debug */ = {
			isa = XCBuildConfiguration;
			buildSettings = {
				ASSETCATALOG_COMPILER_APPICON_NAME = AppIcon;
				ASSETCATALOG_COMPILER_GLOBAL_ACCENT_COLOR_NAME = AccentColor;
				CODE_SIGN_ENTITLEMENTS = MannKareApp/MannKareApp.entitlements;
				CODE_SIGN_STYLE = Automatic;
				CURRENT_PROJECT_VERSION = 1;
				DEVELOPMENT_ASSET_PATHS = "\"MannKareApp/Preview Content\"";
				DEVELOPMENT_TEAM = J3NRW52PK4;
				ENABLE_PREVIEWS = YES;
				GENERATE_INFOPLIST_FILE = YES;
				INFOPLIST_FILE = MannKareApp/Info.plist;
				INFOPLIST_KEY_UIApplicationSceneManifest_Generation = YES;
				INFOPLIST_KEY_UIApplicationSupportsIndirectInputEvents = YES;
				INFOPLIST_KEY_UILaunchScreen_Generation = YES;
				INFOPLIST_KEY_UILaunchStoryboardName = LaunchScreen.storyboard;
				INFOPLIST_KEY_UISupportedInterfaceOrientations_iPad = "UIInterfaceOrientationPortrait UIInterfaceOrientationPortraitUpsideDown UIInterfaceOrientationLandscapeLeft UIInterfaceOrientationLandscapeRight";
				INFOPLIST_KEY_UISupportedInterfaceOrientations_iPhone = "UIInterfaceOrientationPortrait UIInterfaceOrientationLandscapeLeft UIInterfaceOrientationLandscapeRight";
				LD_RUNPATH_SEARCH_PATHS = (
					"$(inherited)",
					"@executable_path/Frameworks",
				);
				MARKETING_VERSION = 1.0;
				PRODUCT_BUNDLE_IDENTIFIER = software.MannKareApp;
				PRODUCT_NAME = "$(TARGET_NAME)";
				SWIFT_EMIT_LOC_STRINGS = YES;
				SWIFT_VERSION = 5.0;
				TARGETED_DEVICE_FAMILY = "1,2";
			};
			name = Debug;
		};
		89E968002ACC20AE006771DC /* Release */ = {
			isa = XCBuildConfiguration;
			buildSettings = {
				ASSETCATALOG_COMPILER_APPICON_NAME = AppIcon;
				ASSETCATALOG_COMPILER_GLOBAL_ACCENT_COLOR_NAME = AccentColor;
				CODE_SIGN_ENTITLEMENTS = MannKareApp/MannKareApp.entitlements;
				CODE_SIGN_STYLE = Automatic;
				CURRENT_PROJECT_VERSION = 1;
				DEVELOPMENT_ASSET_PATHS = "\"MannKareApp/Preview Content\"";
				DEVELOPMENT_TEAM = J3NRW52PK4;
				ENABLE_PREVIEWS = YES;
				GENERATE_INFOPLIST_FILE = YES;
				INFOPLIST_FILE = MannKareApp/Info.plist;
				INFOPLIST_KEY_UIApplicationSceneManifest_Generation = YES;
				INFOPLIST_KEY_UIApplicationSupportsIndirectInputEvents = YES;
				INFOPLIST_KEY_UILaunchScreen_Generation = YES;
				INFOPLIST_KEY_UILaunchStoryboardName = LaunchScreen.storyboard;
				INFOPLIST_KEY_UISupportedInterfaceOrientations_iPad = "UIInterfaceOrientationPortrait UIInterfaceOrientationPortraitUpsideDown UIInterfaceOrientationLandscapeLeft UIInterfaceOrientationLandscapeRight";
				INFOPLIST_KEY_UISupportedInterfaceOrientations_iPhone = "UIInterfaceOrientationPortrait UIInterfaceOrientationLandscapeLeft UIInterfaceOrientationLandscapeRight";
				LD_RUNPATH_SEARCH_PATHS = (
					"$(inherited)",
					"@executable_path/Frameworks",
				);
				MARKETING_VERSION = 1.0;
				PRODUCT_BUNDLE_IDENTIFIER = software.MannKareApp;
				PRODUCT_NAME = "$(TARGET_NAME)";
				SWIFT_EMIT_LOC_STRINGS = YES;
				SWIFT_VERSION = 5.0;
				TARGETED_DEVICE_FAMILY = "1,2";
			};
			name = Release;
		};
/* End XCBuildConfiguration section */

/* Begin XCConfigurationList section */
		89E967EB2ACC20AC006771DC /* Build configuration list for PBXProject "MannKareApp" */ = {
			isa = XCConfigurationList;
			buildConfigurations = (
				89E967FC2ACC20AE006771DC /* Debug */,
				89E967FD2ACC20AE006771DC /* Release */,
			);
			defaultConfigurationIsVisible = 0;
			defaultConfigurationName = Release;
		};
		89E967FE2ACC20AE006771DC /* Build configuration list for PBXNativeTarget "MannKareApp" */ = {
			isa = XCConfigurationList;
			buildConfigurations = (
				89E967FF2ACC20AE006771DC /* Debug */,
				89E968002ACC20AE006771DC /* Release */,
			);
			defaultConfigurationIsVisible = 0;
			defaultConfigurationName = Release;
		};
/* End XCConfigurationList section */

/* Begin XCRemoteSwiftPackageReference section */
		890B59DC2AD826B000AD115F /* XCRemoteSwiftPackageReference "firebase-ios-sdk" */ = {
			isa = XCRemoteSwiftPackageReference;
			repositoryURL = "https://github.com/firebase/firebase-ios-sdk";
			requirement = {
				kind = upToNextMajorVersion;
				minimumVersion = 10.16.0;
			};
		};
		89E882922B7AEEA000E5BB73 /* XCRemoteSwiftPackageReference "GoogleSignIn-iOS" */ = {
			isa = XCRemoteSwiftPackageReference;
			repositoryURL = "https://github.com/google/GoogleSignIn-iOS";
			requirement = {
				kind = upToNextMajorVersion;
				minimumVersion = 7.0.0;
			};
		};
		89E882A32B7C242500E5BB73 /* XCRemoteSwiftPackageReference "Kingfisher" */ = {
			isa = XCRemoteSwiftPackageReference;
			repositoryURL = "https://github.com/onevcat/Kingfisher";
			requirement = {
				kind = upToNextMajorVersion;
				minimumVersion = 7.11.0;
			};
		};
/* End XCRemoteSwiftPackageReference section */

/* Begin XCSwiftPackageProductDependency section */
		890B5A4D2AD8296600AD115F /* FirebaseAuth */ = {
			isa = XCSwiftPackageProductDependency;
			package = 890B59DC2AD826B000AD115F /* XCRemoteSwiftPackageReference "firebase-ios-sdk" */;
			productName = FirebaseAuth;
		};
		890B5A4F2AD8297500AD115F /* FirebaseFirestore */ = {
			isa = XCSwiftPackageProductDependency;
			package = 890B59DC2AD826B000AD115F /* XCRemoteSwiftPackageReference "firebase-ios-sdk" */;
			productName = FirebaseFirestore;
		};
		890B5A512AD8298200AD115F /* FirebaseFirestoreSwift */ = {
			isa = XCSwiftPackageProductDependency;
			package = 890B59DC2AD826B000AD115F /* XCRemoteSwiftPackageReference "firebase-ios-sdk" */;
			productName = FirebaseFirestoreSwift;
		};
		890B5A532AD8299300AD115F /* FirebaseStorage */ = {
			isa = XCSwiftPackageProductDependency;
			package = 890B59DC2AD826B000AD115F /* XCRemoteSwiftPackageReference "firebase-ios-sdk" */;
			productName = FirebaseStorage;
		};
		89E882932B7AEEA000E5BB73 /* GoogleSignIn */ = {
			isa = XCSwiftPackageProductDependency;
			package = 89E882922B7AEEA000E5BB73 /* XCRemoteSwiftPackageReference "GoogleSignIn-iOS" */;
			productName = GoogleSignIn;
		};
		89E882952B7AEEA000E5BB73 /* GoogleSignInSwift */ = {
			isa = XCSwiftPackageProductDependency;
			package = 89E882922B7AEEA000E5BB73 /* XCRemoteSwiftPackageReference "GoogleSignIn-iOS" */;
			productName = GoogleSignInSwift;
		};
		89E882A42B7C242500E5BB73 /* Kingfisher */ = {
			isa = XCSwiftPackageProductDependency;
			package = 89E882A32B7C242500E5BB73 /* XCRemoteSwiftPackageReference "Kingfisher" */;
			productName = Kingfisher;
		};
/* End XCSwiftPackageProductDependency section */
	};
	rootObject = 89E967E82ACC20AC006771DC /* Project object */;
}
